
Microsoft Visual Studio Solution File, Format Version 12.00
# Visual Studio 14
VisualStudioVersion = 14.0.25420.1
MinimumVisualStudioVersion = 10.0.40219.1
Project("{2150E333-8FDC-42A3-9474-1A3956D46DE8}") = "build", "build", "{953B0596-9945-4DE7-915B-76C8FAE9CFE9}"
	ProjectSection(SolutionItems) = preProject
		..\.editorconfig = ..\.editorconfig
		..\.gitignore = ..\.gitignore
		..\build.bat = ..\build.bat
		..\paket.dependencies = ..\paket.dependencies
	EndProjectSection
EndProject
Project("{F2A71F9B-5D33-465A-A702-920D77279786}") = "scripts", "..\build\scripts\scripts.fsproj", "{86F63532-E509-49A1-8D83-A4651E073B16}"
EndProject
Project("{FAE04EC0-301F-11D3-BF4B-00C04F79EFBC}") = "Elastic.Configuration", "Elastic.Configuration\Elastic.Configuration.csproj", "{FAEEE7B2-9BAD-40C3-81FE-FF81F7B1291F}"
EndProject
Project("{2150E333-8FDC-42A3-9474-1A3956D46DE8}") = "Installer", "Installer", "{435F8412-DF62-4729-B68F-5CC1076F5834}"
EndProject
Project("{FAE04EC0-301F-11D3-BF4B-00C04F79EFBC}") = "Elastic.Installer.Domain", "Installer\Elastic.Installer.Domain\Elastic.Installer.Domain.csproj", "{D49C6DC3-0DF0-4455-BD19-88AEE8DE51C1}"
EndProject
Project("{FAE04EC0-301F-11D3-BF4B-00C04F79EFBC}") = "Elastic.Installer.UI", "Installer\Elastic.Installer.UI\Elastic.Installer.UI.csproj", "{D22B47AF-05F4-4E52-9211-05672A12EE0D}"
EndProject
Project("{FAE04EC0-301F-11D3-BF4B-00C04F79EFBC}") = "Elastic.Installer.Msi", "Installer\Elastic.Installer.Msi\Elastic.Installer.Msi.csproj", "{8A6EF460-19C3-4676-8D2A-DFF23B326278}"
EndProject
Project("{2150E333-8FDC-42A3-9474-1A3956D46DE8}") = "InstallerHosts", "InstallerHosts", "{66286B60-19D9-4194-BAC6-C36EAC93C214}"
EndProject
Project("{FAE04EC0-301F-11D3-BF4B-00C04F79EFBC}") = "Elastic.InstallerHosts", "InstallerHosts\Elastic.InstallerHosts\Elastic.InstallerHosts.csproj", "{0D75A3AB-8569-4739-9F18-F5972DD276B2}"
EndProject
Project("{FAE04EC0-301F-11D3-BF4B-00C04F79EFBC}") = "Elastic.InstallerHosts.Elasticsearch", "InstallerHosts\Elastic.InstallerHosts.Elasticsearch\Elastic.InstallerHosts.Elasticsearch.csproj", "{65F60048-AE6E-43A1-BCFA-0341F7D2C9F4}"
EndProject
Project("{FAE04EC0-301F-11D3-BF4B-00C04F79EFBC}") = "Elastic.InstallerHosts.Kibana", "InstallerHosts\Elastic.InstallerHosts.Kibana\Elastic.InstallerHosts.Kibana.csproj", "{1C9B64D3-69D2-43DE-9F54-DAC51B483A08}"
EndProject
Project("{2150E333-8FDC-42A3-9474-1A3956D46DE8}") = "ProcessHosts", "ProcessHosts", "{FDEC0DDD-8E22-4068-B401-32F62B30026D}"
EndProject
Project("{FAE04EC0-301F-11D3-BF4B-00C04F79EFBC}") = "Elastic.ProcessHosts", "ProcessHosts\Elastic.ProcessHosts\Elastic.ProcessHosts.csproj", "{4FD56767-FFFE-4ACE-8CD4-4506721DACBD}"
EndProject
Project("{FAE04EC0-301F-11D3-BF4B-00C04F79EFBC}") = "Elastic.ProcessHosts.Elasticsearch", "ProcessHosts\Elastic.ProcessHosts.Elasticsearch\Elastic.ProcessHosts.Elasticsearch.csproj", "{D4FB307F-CB1D-4026-BD28-CA1D0016D709}"
EndProject
Project("{FAE04EC0-301F-11D3-BF4B-00C04F79EFBC}") = "Elastic.ProcessHosts.Kibana", "ProcessHosts\Elastic.ProcessHosts.Kibana\Elastic.ProcessHosts.Kibana.csproj", "{FFB9DA32-12FA-4C9D-A5BD-06CDDAE74FD4}"
EndProject
Project("{2150E333-8FDC-42A3-9474-1A3956D46DE8}") = "Tests", "Tests", "{E1497696-F84E-4D13-B359-649BDE5B4212}"
EndProject
Project("{FAE04EC0-301F-11D3-BF4B-00C04F79EFBC}") = "Elastic.Domain.Tests", "Tests\Elastic.Domain.Tests\Elastic.Domain.Tests.csproj", "{7453D0B7-4972-476E-9529-A6F0573948CD}"
EndProject
Project("{9A19103F-16F7-4668-BE54-9A1E7A4F7556}") = "Elastic.Installer.Integration.Tests", "Tests\Elastic.Installer.Integration.Tests\Elastic.Installer.Integration.Tests.csproj", "{E974DBD8-906A-4A20-AC9E-A1B09F725197}"
EndProject
Project("{FAE04EC0-301F-11D3-BF4B-00C04F79EFBC}") = "Elastic.Installer.Msi.Tests", "Tests\Elastic.Installer.Msi.Tests\Elastic.Installer.Msi.Tests.csproj", "{C3C41DEC-48C2-40A1-9C7B-F46718F117A7}"
EndProject
Global
	GlobalSection(SolutionConfigurationPlatforms) = preSolution
		Debug|Any CPU = Debug|Any CPU
		Debug|x64 = Debug|x64
		Debug|x86 = Debug|x86
		Release|Any CPU = Release|Any CPU
		Release|x64 = Release|x64
		Release|x86 = Release|x86
	EndGlobalSection
	GlobalSection(ProjectConfigurationPlatforms) = postSolution
		{D22B47AF-05F4-4E52-9211-05672A12EE0D}.Debug|Any CPU.ActiveCfg = Debug|Any CPU
		{D22B47AF-05F4-4E52-9211-05672A12EE0D}.Debug|Any CPU.Build.0 = Debug|Any CPU
		{D22B47AF-05F4-4E52-9211-05672A12EE0D}.Debug|x64.ActiveCfg = Debug|Any CPU
		{D22B47AF-05F4-4E52-9211-05672A12EE0D}.Debug|x64.Build.0 = Debug|Any CPU
		{D22B47AF-05F4-4E52-9211-05672A12EE0D}.Debug|x86.ActiveCfg = Debug|Any CPU
		{D22B47AF-05F4-4E52-9211-05672A12EE0D}.Debug|x86.Build.0 = Debug|Any CPU
		{D22B47AF-05F4-4E52-9211-05672A12EE0D}.Release|Any CPU.ActiveCfg = Release|Any CPU
		{D22B47AF-05F4-4E52-9211-05672A12EE0D}.Release|Any CPU.Build.0 = Release|Any CPU
		{D22B47AF-05F4-4E52-9211-05672A12EE0D}.Release|x64.ActiveCfg = Release|Any CPU
		{D22B47AF-05F4-4E52-9211-05672A12EE0D}.Release|x64.Build.0 = Release|Any CPU
		{D22B47AF-05F4-4E52-9211-05672A12EE0D}.Release|x86.ActiveCfg = Release|x86
		{D22B47AF-05F4-4E52-9211-05672A12EE0D}.Release|x86.Build.0 = Release|x86
		{D49C6DC3-0DF0-4455-BD19-88AEE8DE51C1}.Debug|Any CPU.ActiveCfg = Debug|Any CPU
		{D49C6DC3-0DF0-4455-BD19-88AEE8DE51C1}.Debug|Any CPU.Build.0 = Debug|Any CPU
		{D49C6DC3-0DF0-4455-BD19-88AEE8DE51C1}.Debug|x64.ActiveCfg = Debug|Any CPU
		{D49C6DC3-0DF0-4455-BD19-88AEE8DE51C1}.Debug|x64.Build.0 = Debug|Any CPU
		{D49C6DC3-0DF0-4455-BD19-88AEE8DE51C1}.Debug|x86.ActiveCfg = Debug|Any CPU
		{D49C6DC3-0DF0-4455-BD19-88AEE8DE51C1}.Debug|x86.Build.0 = Debug|Any CPU
		{D49C6DC3-0DF0-4455-BD19-88AEE8DE51C1}.Release|Any CPU.ActiveCfg = Release|Any CPU
		{D49C6DC3-0DF0-4455-BD19-88AEE8DE51C1}.Release|Any CPU.Build.0 = Release|Any CPU
		{D49C6DC3-0DF0-4455-BD19-88AEE8DE51C1}.Release|x64.ActiveCfg = Release|Any CPU
		{D49C6DC3-0DF0-4455-BD19-88AEE8DE51C1}.Release|x64.Build.0 = Release|Any CPU
		{D49C6DC3-0DF0-4455-BD19-88AEE8DE51C1}.Release|x86.ActiveCfg = Release|x86
		{D49C6DC3-0DF0-4455-BD19-88AEE8DE51C1}.Release|x86.Build.0 = Release|x86
		{86F63532-E509-49A1-8D83-A4651E073B16}.Debug|Any CPU.ActiveCfg = Debug|Any CPU
		{86F63532-E509-49A1-8D83-A4651E073B16}.Debug|Any CPU.Build.0 = Debug|Any CPU
		{86F63532-E509-49A1-8D83-A4651E073B16}.Debug|x64.ActiveCfg = Debug|Any CPU
		{86F63532-E509-49A1-8D83-A4651E073B16}.Debug|x64.Build.0 = Debug|Any CPU
		{86F63532-E509-49A1-8D83-A4651E073B16}.Debug|x86.ActiveCfg = Debug|Any CPU
		{86F63532-E509-49A1-8D83-A4651E073B16}.Debug|x86.Build.0 = Debug|Any CPU
		{86F63532-E509-49A1-8D83-A4651E073B16}.Release|Any CPU.ActiveCfg = Release|Any CPU
		{86F63532-E509-49A1-8D83-A4651E073B16}.Release|Any CPU.Build.0 = Release|Any CPU
		{86F63532-E509-49A1-8D83-A4651E073B16}.Release|x64.ActiveCfg = Release|Any CPU
		{86F63532-E509-49A1-8D83-A4651E073B16}.Release|x86.ActiveCfg = Release|x86
		{86F63532-E509-49A1-8D83-A4651E073B16}.Release|x86.Build.0 = Release|x86
		{7453D0B7-4972-476E-9529-A6F0573948CD}.Debug|Any CPU.ActiveCfg = Debug|Any CPU
		{7453D0B7-4972-476E-9529-A6F0573948CD}.Debug|Any CPU.Build.0 = Debug|Any CPU
		{7453D0B7-4972-476E-9529-A6F0573948CD}.Debug|x64.ActiveCfg = Debug|Any CPU
		{7453D0B7-4972-476E-9529-A6F0573948CD}.Debug|x64.Build.0 = Debug|Any CPU
		{7453D0B7-4972-476E-9529-A6F0573948CD}.Debug|x86.ActiveCfg = Debug|Any CPU
		{7453D0B7-4972-476E-9529-A6F0573948CD}.Debug|x86.Build.0 = Debug|Any CPU
		{7453D0B7-4972-476E-9529-A6F0573948CD}.Release|Any CPU.ActiveCfg = Release|Any CPU
		{7453D0B7-4972-476E-9529-A6F0573948CD}.Release|Any CPU.Build.0 = Release|Any CPU
		{7453D0B7-4972-476E-9529-A6F0573948CD}.Release|x64.ActiveCfg = Release|Any CPU
		{7453D0B7-4972-476E-9529-A6F0573948CD}.Release|x64.Build.0 = Release|Any CPU
		{7453D0B7-4972-476E-9529-A6F0573948CD}.Release|x86.ActiveCfg = Release|x86
		{7453D0B7-4972-476E-9529-A6F0573948CD}.Release|x86.Build.0 = Release|x86
		{D4FB307F-CB1D-4026-BD28-CA1D0016D709}.Debug|Any CPU.ActiveCfg = Debug|Any CPU
		{D4FB307F-CB1D-4026-BD28-CA1D0016D709}.Debug|Any CPU.Build.0 = Debug|Any CPU
		{D4FB307F-CB1D-4026-BD28-CA1D0016D709}.Debug|x64.ActiveCfg = Debug|Any CPU
		{D4FB307F-CB1D-4026-BD28-CA1D0016D709}.Debug|x64.Build.0 = Debug|Any CPU
		{D4FB307F-CB1D-4026-BD28-CA1D0016D709}.Debug|x86.ActiveCfg = Debug|Any CPU
		{D4FB307F-CB1D-4026-BD28-CA1D0016D709}.Debug|x86.Build.0 = Debug|Any CPU
		{D4FB307F-CB1D-4026-BD28-CA1D0016D709}.Release|Any CPU.ActiveCfg = Release|Any CPU
		{D4FB307F-CB1D-4026-BD28-CA1D0016D709}.Release|Any CPU.Build.0 = Release|Any CPU
		{D4FB307F-CB1D-4026-BD28-CA1D0016D709}.Release|x64.ActiveCfg = Release|Any CPU
		{D4FB307F-CB1D-4026-BD28-CA1D0016D709}.Release|x64.Build.0 = Release|Any CPU
		{D4FB307F-CB1D-4026-BD28-CA1D0016D709}.Release|x86.ActiveCfg = Release|x86
		{D4FB307F-CB1D-4026-BD28-CA1D0016D709}.Release|x86.Build.0 = Release|x86
		{65F60048-AE6E-43A1-BCFA-0341F7D2C9F4}.Debug|Any CPU.ActiveCfg = Debug|Any CPU
		{65F60048-AE6E-43A1-BCFA-0341F7D2C9F4}.Debug|Any CPU.Build.0 = Debug|Any CPU
		{65F60048-AE6E-43A1-BCFA-0341F7D2C9F4}.Debug|x64.ActiveCfg = Debug|Any CPU
		{65F60048-AE6E-43A1-BCFA-0341F7D2C9F4}.Debug|x64.Build.0 = Debug|Any CPU
		{65F60048-AE6E-43A1-BCFA-0341F7D2C9F4}.Debug|x86.ActiveCfg = Debug|Any CPU
		{65F60048-AE6E-43A1-BCFA-0341F7D2C9F4}.Debug|x86.Build.0 = Debug|Any CPU
		{65F60048-AE6E-43A1-BCFA-0341F7D2C9F4}.Release|Any CPU.ActiveCfg = Release|Any CPU
		{65F60048-AE6E-43A1-BCFA-0341F7D2C9F4}.Release|Any CPU.Build.0 = Release|Any CPU
		{65F60048-AE6E-43A1-BCFA-0341F7D2C9F4}.Release|x64.ActiveCfg = Release|Any CPU
		{65F60048-AE6E-43A1-BCFA-0341F7D2C9F4}.Release|x64.Build.0 = Release|Any CPU
		{65F60048-AE6E-43A1-BCFA-0341F7D2C9F4}.Release|x86.ActiveCfg = Release|x86
		{65F60048-AE6E-43A1-BCFA-0341F7D2C9F4}.Release|x86.Build.0 = Release|x86
		{8A6EF460-19C3-4676-8D2A-DFF23B326278}.Debug|Any CPU.ActiveCfg = Debug|Any CPU
		{8A6EF460-19C3-4676-8D2A-DFF23B326278}.Debug|Any CPU.Build.0 = Debug|Any CPU
		{8A6EF460-19C3-4676-8D2A-DFF23B326278}.Debug|x64.ActiveCfg = Debug|Any CPU
		{8A6EF460-19C3-4676-8D2A-DFF23B326278}.Debug|x64.Build.0 = Debug|Any CPU
		{8A6EF460-19C3-4676-8D2A-DFF23B326278}.Debug|x86.ActiveCfg = Debug|Any CPU
		{8A6EF460-19C3-4676-8D2A-DFF23B326278}.Debug|x86.Build.0 = Debug|Any CPU
		{8A6EF460-19C3-4676-8D2A-DFF23B326278}.Release|Any CPU.ActiveCfg = Release|Any CPU
		{8A6EF460-19C3-4676-8D2A-DFF23B326278}.Release|Any CPU.Build.0 = Release|Any CPU
		{8A6EF460-19C3-4676-8D2A-DFF23B326278}.Release|x64.ActiveCfg = Release|Any CPU
		{8A6EF460-19C3-4676-8D2A-DFF23B326278}.Release|x64.Build.0 = Release|Any CPU
		{8A6EF460-19C3-4676-8D2A-DFF23B326278}.Release|x86.ActiveCfg = Release|Any CPU
		{8A6EF460-19C3-4676-8D2A-DFF23B326278}.Release|x86.Build.0 = Release|Any CPU
		{E974DBD8-906A-4A20-AC9E-A1B09F725197}.Debug|Any CPU.ActiveCfg = Debug|Any CPU
		{E974DBD8-906A-4A20-AC9E-A1B09F725197}.Debug|x64.ActiveCfg = Debug|Any CPU
		{E974DBD8-906A-4A20-AC9E-A1B09F725197}.Debug|x64.Build.0 = Debug|Any CPU
		{E974DBD8-906A-4A20-AC9E-A1B09F725197}.Debug|x86.ActiveCfg = Debug|Any CPU
		{E974DBD8-906A-4A20-AC9E-A1B09F725197}.Debug|x86.Build.0 = Debug|Any CPU
		{E974DBD8-906A-4A20-AC9E-A1B09F725197}.Release|Any CPU.ActiveCfg = Release|Any CPU
		{E974DBD8-906A-4A20-AC9E-A1B09F725197}.Release|x64.ActiveCfg = Release|Any CPU
		{E974DBD8-906A-4A20-AC9E-A1B09F725197}.Release|x64.Build.0 = Release|Any CPU
		{E974DBD8-906A-4A20-AC9E-A1B09F725197}.Release|x86.ActiveCfg = Release|Any CPU
		{E974DBD8-906A-4A20-AC9E-A1B09F725197}.Release|x86.Build.0 = Release|Any CPU
		{1C9B64D3-69D2-43DE-9F54-DAC51B483A08}.Debug|Any CPU.ActiveCfg = Debug|Any CPU
		{1C9B64D3-69D2-43DE-9F54-DAC51B483A08}.Debug|Any CPU.Build.0 = Debug|Any CPU
		{1C9B64D3-69D2-43DE-9F54-DAC51B483A08}.Debug|x64.ActiveCfg = Debug|Any CPU
		{1C9B64D3-69D2-43DE-9F54-DAC51B483A08}.Debug|x64.Build.0 = Debug|Any CPU
		{1C9B64D3-69D2-43DE-9F54-DAC51B483A08}.Debug|x86.ActiveCfg = Debug|Any CPU
		{1C9B64D3-69D2-43DE-9F54-DAC51B483A08}.Debug|x86.Build.0 = Debug|Any CPU
		{1C9B64D3-69D2-43DE-9F54-DAC51B483A08}.Release|Any CPU.ActiveCfg = Release|Any CPU
		{1C9B64D3-69D2-43DE-9F54-DAC51B483A08}.Release|Any CPU.Build.0 = Release|Any CPU
		{1C9B64D3-69D2-43DE-9F54-DAC51B483A08}.Release|x64.ActiveCfg = Release|Any CPU
		{1C9B64D3-69D2-43DE-9F54-DAC51B483A08}.Release|x64.Build.0 = Release|Any CPU
		{1C9B64D3-69D2-43DE-9F54-DAC51B483A08}.Release|x86.ActiveCfg = Release|Any CPU
		{1C9B64D3-69D2-43DE-9F54-DAC51B483A08}.Release|x86.Build.0 = Release|Any CPU
		{FFB9DA32-12FA-4C9D-A5BD-06CDDAE74FD4}.Debug|Any CPU.ActiveCfg = Debug|Any CPU
		{FFB9DA32-12FA-4C9D-A5BD-06CDDAE74FD4}.Debug|Any CPU.Build.0 = Debug|Any CPU
		{FFB9DA32-12FA-4C9D-A5BD-06CDDAE74FD4}.Debug|x64.ActiveCfg = Debug|Any CPU
		{FFB9DA32-12FA-4C9D-A5BD-06CDDAE74FD4}.Debug|x64.Build.0 = Debug|Any CPU
		{FFB9DA32-12FA-4C9D-A5BD-06CDDAE74FD4}.Debug|x86.ActiveCfg = Debug|Any CPU
		{FFB9DA32-12FA-4C9D-A5BD-06CDDAE74FD4}.Debug|x86.Build.0 = Debug|Any CPU
		{FFB9DA32-12FA-4C9D-A5BD-06CDDAE74FD4}.Release|Any CPU.ActiveCfg = Release|Any CPU
		{FFB9DA32-12FA-4C9D-A5BD-06CDDAE74FD4}.Release|Any CPU.Build.0 = Release|Any CPU
		{FFB9DA32-12FA-4C9D-A5BD-06CDDAE74FD4}.Release|x64.ActiveCfg = Release|Any CPU
		{FFB9DA32-12FA-4C9D-A5BD-06CDDAE74FD4}.Release|x64.Build.0 = Release|Any CPU
		{FFB9DA32-12FA-4C9D-A5BD-06CDDAE74FD4}.Release|x86.ActiveCfg = Release|x86
		{FFB9DA32-12FA-4C9D-A5BD-06CDDAE74FD4}.Release|x86.Build.0 = Release|x86
		{C3C41DEC-48C2-40A1-9C7B-F46718F117A7}.Debug|Any CPU.ActiveCfg = Debug|Any CPU
		{C3C41DEC-48C2-40A1-9C7B-F46718F117A7}.Debug|Any CPU.Build.0 = Debug|Any CPU
		{C3C41DEC-48C2-40A1-9C7B-F46718F117A7}.Debug|x64.ActiveCfg = Debug|Any CPU
		{C3C41DEC-48C2-40A1-9C7B-F46718F117A7}.Debug|x64.Build.0 = Debug|Any CPU
		{C3C41DEC-48C2-40A1-9C7B-F46718F117A7}.Debug|x86.ActiveCfg = Debug|Any CPU
		{C3C41DEC-48C2-40A1-9C7B-F46718F117A7}.Debug|x86.Build.0 = Debug|Any CPU
		{C3C41DEC-48C2-40A1-9C7B-F46718F117A7}.Release|Any CPU.ActiveCfg = Release|Any CPU
		{C3C41DEC-48C2-40A1-9C7B-F46718F117A7}.Release|Any CPU.Build.0 = Release|Any CPU
		{C3C41DEC-48C2-40A1-9C7B-F46718F117A7}.Release|x64.ActiveCfg = Release|Any CPU
		{C3C41DEC-48C2-40A1-9C7B-F46718F117A7}.Release|x64.Build.0 = Release|Any CPU
		{C3C41DEC-48C2-40A1-9C7B-F46718F117A7}.Release|x86.ActiveCfg = Release|Any CPU
		{C3C41DEC-48C2-40A1-9C7B-F46718F117A7}.Release|x86.Build.0 = Release|Any CPU
		{0D75A3AB-8569-4739-9F18-F5972DD276B2}.Debug|Any CPU.ActiveCfg = Debug|Any CPU
		{0D75A3AB-8569-4739-9F18-F5972DD276B2}.Debug|Any CPU.Build.0 = Debug|Any CPU
		{0D75A3AB-8569-4739-9F18-F5972DD276B2}.Debug|x64.ActiveCfg = Debug|x64
		{0D75A3AB-8569-4739-9F18-F5972DD276B2}.Debug|x64.Build.0 = Debug|x64
		{0D75A3AB-8569-4739-9F18-F5972DD276B2}.Debug|x86.ActiveCfg = Debug|x86
		{0D75A3AB-8569-4739-9F18-F5972DD276B2}.Debug|x86.Build.0 = Debug|x86
		{0D75A3AB-8569-4739-9F18-F5972DD276B2}.Release|Any CPU.ActiveCfg = Release|Any CPU
		{0D75A3AB-8569-4739-9F18-F5972DD276B2}.Release|Any CPU.Build.0 = Release|Any CPU
		{0D75A3AB-8569-4739-9F18-F5972DD276B2}.Release|x64.ActiveCfg = Release|x64
		{0D75A3AB-8569-4739-9F18-F5972DD276B2}.Release|x64.Build.0 = Release|x64
		{0D75A3AB-8569-4739-9F18-F5972DD276B2}.Release|x86.ActiveCfg = Release|x86
		{0D75A3AB-8569-4739-9F18-F5972DD276B2}.Release|x86.Build.0 = Release|x86
		{4FD56767-FFFE-4ACE-8CD4-4506721DACBD}.Debug|Any CPU.ActiveCfg = Debug|Any CPU
		{4FD56767-FFFE-4ACE-8CD4-4506721DACBD}.Debug|Any CPU.Build.0 = Debug|Any CPU
		{4FD56767-FFFE-4ACE-8CD4-4506721DACBD}.Debug|x64.ActiveCfg = Debug|x64
		{4FD56767-FFFE-4ACE-8CD4-4506721DACBD}.Debug|x64.Build.0 = Debug|x64
		{4FD56767-FFFE-4ACE-8CD4-4506721DACBD}.Debug|x86.ActiveCfg = Debug|x86
		{4FD56767-FFFE-4ACE-8CD4-4506721DACBD}.Debug|x86.Build.0 = Debug|x86
		{4FD56767-FFFE-4ACE-8CD4-4506721DACBD}.Release|Any CPU.ActiveCfg = Release|Any CPU
		{4FD56767-FFFE-4ACE-8CD4-4506721DACBD}.Release|Any CPU.Build.0 = Release|Any CPU
		{4FD56767-FFFE-4ACE-8CD4-4506721DACBD}.Release|x64.ActiveCfg = Release|x64
		{4FD56767-FFFE-4ACE-8CD4-4506721DACBD}.Release|x64.Build.0 = Release|x64
		{4FD56767-FFFE-4ACE-8CD4-4506721DACBD}.Release|x86.ActiveCfg = Release|x86
		{4FD56767-FFFE-4ACE-8CD4-4506721DACBD}.Release|x86.Build.0 = Release|x86
		{FAEEE7B2-9BAD-40C3-81FE-FF81F7B1291F}.Debug|Any CPU.ActiveCfg = Debug|Any CPU
		{FAEEE7B2-9BAD-40C3-81FE-FF81F7B1291F}.Debug|Any CPU.Build.0 = Debug|Any CPU
		{FAEEE7B2-9BAD-40C3-81FE-FF81F7B1291F}.Debug|x64.ActiveCfg = Debug|x64
		{FAEEE7B2-9BAD-40C3-81FE-FF81F7B1291F}.Debug|x64.Build.0 = Debug|x64
		{FAEEE7B2-9BAD-40C3-81FE-FF81F7B1291F}.Debug|x86.ActiveCfg = Debug|x86
		{FAEEE7B2-9BAD-40C3-81FE-FF81F7B1291F}.Debug|x86.Build.0 = Debug|x86
		{FAEEE7B2-9BAD-40C3-81FE-FF81F7B1291F}.Release|Any CPU.ActiveCfg = Release|Any CPU
		{FAEEE7B2-9BAD-40C3-81FE-FF81F7B1291F}.Release|Any CPU.Build.0 = Release|Any CPU
		{FAEEE7B2-9BAD-40C3-81FE-FF81F7B1291F}.Release|x64.ActiveCfg = Release|x64
		{FAEEE7B2-9BAD-40C3-81FE-FF81F7B1291F}.Release|x64.Build.0 = Release|x64
		{FAEEE7B2-9BAD-40C3-81FE-FF81F7B1291F}.Release|x86.ActiveCfg = Release|x86
		{FAEEE7B2-9BAD-40C3-81FE-FF81F7B1291F}.Release|x86.Build.0 = Release|x86
	EndGlobalSection
	GlobalSection(SolutionProperties) = preSolution
		HideSolutionNode = FALSE
	EndGlobalSection
	GlobalSection(NestedProjects) = preSolution
		{86F63532-E509-49A1-8D83-A4651E073B16} = {953B0596-9945-4DE7-915B-76C8FAE9CFE9}
		{7453D0B7-4972-476E-9529-A6F0573948CD} = {E1497696-F84E-4D13-B359-649BDE5B4212}
		{E974DBD8-906A-4A20-AC9E-A1B09F725197} = {E1497696-F84E-4D13-B359-649BDE5B4212}
		{C3C41DEC-48C2-40A1-9C7B-F46718F117A7} = {E1497696-F84E-4D13-B359-649BDE5B4212}
		{65F60048-AE6E-43A1-BCFA-0341F7D2C9F4} = {66286B60-19D9-4194-BAC6-C36EAC93C214}
		{1C9B64D3-69D2-43DE-9F54-DAC51B483A08} = {66286B60-19D9-4194-BAC6-C36EAC93C214}
		{0D75A3AB-8569-4739-9F18-F5972DD276B2} = {66286B60-19D9-4194-BAC6-C36EAC93C214}
		{FFB9DA32-12FA-4C9D-A5BD-06CDDAE74FD4} = {FDEC0DDD-8E22-4068-B401-32F62B30026D}
		{D4FB307F-CB1D-4026-BD28-CA1D0016D709} = {FDEC0DDD-8E22-4068-B401-32F62B30026D}
		{4FD56767-FFFE-4ACE-8CD4-4506721DACBD} = {FDEC0DDD-8E22-4068-B401-32F62B30026D}
		{8A6EF460-19C3-4676-8D2A-DFF23B326278} = {435F8412-DF62-4729-B68F-5CC1076F5834}
		{D22B47AF-05F4-4E52-9211-05672A12EE0D} = {435F8412-DF62-4729-B68F-5CC1076F5834}
		{D49C6DC3-0DF0-4455-BD19-88AEE8DE51C1} = {435F8412-DF62-4729-B68F-5CC1076F5834}
	EndGlobalSection
EndGlobal
